
Microsoft Visual Studio Solution File, Format Version 12.00
# Visual Studio Version 17
VisualStudioVersion = 17.9.34616.47
MinimumVisualStudioVersion = 10.0.40219.1
Project("{9A19103F-16F7-4668-BE54-9A1E7A4F7556}") = "Minimum HP", "MinimumHP\Minimum HP.csproj", "{E79EF952-00EF-4C19-A39A-B12732B24E89}"
EndProject
Project("{9A19103F-16F7-4668-BE54-9A1E7A4F7556}") = "Longest Substring Without Repeating Characters", "LongestSubstringWithoutRepeatingCharacters\Longest Substring Without Repeating Characters.csproj", "{87E702F0-6768-4D41-AC28-51173C593029}"
EndProject
Project("{9A19103F-16F7-4668-BE54-9A1E7A4F7556}") = "Biconnected Components", "BiconnectedComponents\Biconnected Components.csproj", "{DDD1882E-7E25-452C-A8E6-DBA6112FAC81}"
EndProject
Project("{9A19103F-16F7-4668-BE54-9A1E7A4F7556}") = "Interweave Nodes", "Interweave Nodes\Interweave Nodes.csproj", "{1EC00702-0E12-4EA8-B9A9-D4109C5C0215}"
EndProject
Project("{9A19103F-16F7-4668-BE54-9A1E7A4F7556}") = "Minimum Cost BST", "Minimum Cost BST\Minimum Cost BST.csproj", "{45508D33-C443-40D2-A7E9-502A573FA199}"
EndProject
Project("{9A19103F-16F7-4668-BE54-9A1E7A4F7556}") = "Combination Sum III", "Combination Sum III\Combination Sum III.csproj", "{5445C402-B1D2-4D57-A504-ABB8CEFB7734}"
EndProject
Project("{9A19103F-16F7-4668-BE54-9A1E7A4F7556}") = "Ninja And Stops", "Ninja And Stops\Ninja And Stops.csproj", "{7D5418D1-D312-434A-A274-610940A81CBF}"
EndProject
Project("{9A19103F-16F7-4668-BE54-9A1E7A4F7556}") = "Square Submatrix with sum less than or equal to K", "Square Submatrix with sum less than or equal to K\Square Submatrix with sum less than or equal to K.csproj", "{B8BFF22B-AF57-4AFC-8780-F48193E68698}"
EndProject
Project("{9A19103F-16F7-4668-BE54-9A1E7A4F7556}") = "Product Of Array Except Self", "Product Of Array Except Self\Product Of Array Except Self.csproj", "{F418C2A7-2D5C-432F-A7D1-D4940FAC8665}"
EndProject
Project("{9A19103F-16F7-4668-BE54-9A1E7A4F7556}") = "Binary Matrix", "Binary Matrix\Binary Matrix.csproj", "{AE27F528-C5F0-4F52-9749-9C9A593F6C8B}"
EndProject
Project("{9A19103F-16F7-4668-BE54-9A1E7A4F7556}") = "Remove a node from BST", "Remove a node from BST\Remove a node from BST.csproj", "{4BD0E743-60EC-44A2-AA13-21F8EA6BC022}"
EndProject
Project("{9A19103F-16F7-4668-BE54-9A1E7A4F7556}") = "Number Pattern", "Number Pattern\Number Pattern.csproj", "{D09FCA7F-8EBE-4754-9D5D-6E06A94C9201}"
EndProject
Project("{9A19103F-16F7-4668-BE54-9A1E7A4F7556}") = "Equal Candies", "Equal Candies\Equal Candies.csproj", "{DC7C02EE-776E-4DB9-A2EB-11B13A26AB8D}"
EndProject
Project("{9A19103F-16F7-4668-BE54-9A1E7A4F7556}") = "Possible Words From A Phone Number", "Possible Words From A Phone Number\Possible Words From A Phone Number.csproj", "{83A3427C-D7BA-414F-8209-A4D1B56ACFCF}"
EndProject
Project("{9A19103F-16F7-4668-BE54-9A1E7A4F7556}") = "Hotel Floors", "Hotel Floors\Hotel Floors.csproj", "{BCE42037-B878-4698-A329-70B09B9B5CBF}"
EndProject
Project("{9A19103F-16F7-4668-BE54-9A1E7A4F7556}") = "Non-Decreasing Array", "Non-Decreasing Array\Non-Decreasing Array.csproj", "{11C8BD94-4690-4964-AEA1-F7A4686B1BE0}"
EndProject
Project("{9A19103F-16F7-4668-BE54-9A1E7A4F7556}") = "GCD Sum", "GCD Sum\GCD Sum.csproj", "{E86E5E94-DA2E-4FB8-B9F1-C2CDF6F09A34}"
EndProject
Project("{9A19103F-16F7-4668-BE54-9A1E7A4F7556}") = "Find Integer", "Find Integer\Find Integer.csproj", "{7B54CD23-E882-4444-B3E5-7D75B62556D0}"
EndProject
Project("{9A19103F-16F7-4668-BE54-9A1E7A4F7556}") = "Find All Sub-Square Of Size K", "Find All Sub-Square Of Size K\Find All Sub-Square Of Size K.csproj", "{2562B286-CF54-43BF-85EF-81274B0E2614}"
EndProject
Project("{9A19103F-16F7-4668-BE54-9A1E7A4F7556}") = "Take Away The Bottle", "Take Away The Bottle\Take Away The Bottle.csproj", "{C8A95249-B48D-4F81-A4B1-4F6D9C53741A}"
EndProject
Project("{9A19103F-16F7-4668-BE54-9A1E7A4F7556}") = "Travelling Salesman Problem", "Travelling Salesman Problem\Travelling Salesman Problem.csproj", "{F92EDF62-029C-42E1-A1B1-462697ED5076}"
EndProject
Project("{9A19103F-16F7-4668-BE54-9A1E7A4F7556}") = "Maximize Xor", "Maximize Xor\Maximize Xor.csproj", "{D67FCD7E-3A51-4471-9AFE-38E9E4842B48}"
EndProject
Project("{9A19103F-16F7-4668-BE54-9A1E7A4F7556}") = "Non-overlapping Intervals", "Non-overlapping Intervals\Non-overlapping Intervals.csproj", "{07081304-309D-42FB-8FE1-591F1B3172BB}"
EndProject
Project("{9A19103F-16F7-4668-BE54-9A1E7A4F7556}") = "Minimum Time in Wormhole Network", "Minimum Time in Wormhole Network\Minimum Time in Wormhole Network.csproj", "{13F28428-0B64-47E2-92DD-D49F86680A96}"
EndProject
Project("{9A19103F-16F7-4668-BE54-9A1E7A4F7556}") = "Four Divisors", "Four Divisors\Four Divisors.csproj", "{B96314AF-21B2-4DF6-9CC8-810B20001FE8}"
EndProject
Project("{9A19103F-16F7-4668-BE54-9A1E7A4F7556}") = "Isomorphic Strings", "Isomorphic Strings\Isomorphic Strings.csproj", "{9462EF67-218D-4368-8952-68C7AE72920F}"
EndProject
Project("{FAE04EC0-301F-11D3-BF4B-00C04F79EFBC}") = "Bit Insertion", "Bit Insertion\Bit Insertion.csproj", "{A1C39091-3D03-4AC4-AE18-6D41D538AFE5}"
EndProject
Project("{FAE04EC0-301F-11D3-BF4B-00C04F79EFBC}") = "Predict the Winner", "Predict the Winner\Predict the Winner.csproj", "{6D8F42F4-9169-4D1A-B316-9557B1136E7F}"
EndProject
Project("{FAE04EC0-301F-11D3-BF4B-00C04F79EFBC}") = "Strange Numbers", "Strange Numbers\Strange Numbers.csproj", "{C6A83138-A863-430A-B64C-888C289F841E}"
EndProject
Global
	GlobalSection(SolutionConfigurationPlatforms) = preSolution
		Debug|Any CPU = Debug|Any CPU
		Release|Any CPU = Release|Any CPU
	EndGlobalSection
	GlobalSection(ProjectConfigurationPlatforms) = postSolution
		{E79EF952-00EF-4C19-A39A-B12732B24E89}.Debug|Any CPU.ActiveCfg = Debug|Any CPU
		{E79EF952-00EF-4C19-A39A-B12732B24E89}.Debug|Any CPU.Build.0 = Debug|Any CPU
		{E79EF952-00EF-4C19-A39A-B12732B24E89}.Release|Any CPU.ActiveCfg = Release|Any CPU
		{E79EF952-00EF-4C19-A39A-B12732B24E89}.Release|Any CPU.Build.0 = Release|Any CPU
		{87E702F0-6768-4D41-AC28-51173C593029}.Debug|Any CPU.ActiveCfg = Debug|Any CPU
		{87E702F0-6768-4D41-AC28-51173C593029}.Debug|Any CPU.Build.0 = Debug|Any CPU
		{87E702F0-6768-4D41-AC28-51173C593029}.Release|Any CPU.ActiveCfg = Release|Any CPU
		{87E702F0-6768-4D41-AC28-51173C593029}.Release|Any CPU.Build.0 = Release|Any CPU
		{DDD1882E-7E25-452C-A8E6-DBA6112FAC81}.Debug|Any CPU.ActiveCfg = Debug|Any CPU
		{DDD1882E-7E25-452C-A8E6-DBA6112FAC81}.Debug|Any CPU.Build.0 = Debug|Any CPU
		{DDD1882E-7E25-452C-A8E6-DBA6112FAC81}.Release|Any CPU.ActiveCfg = Release|Any CPU
		{DDD1882E-7E25-452C-A8E6-DBA6112FAC81}.Release|Any CPU.Build.0 = Release|Any CPU
		{1EC00702-0E12-4EA8-B9A9-D4109C5C0215}.Debug|Any CPU.ActiveCfg = Debug|Any CPU
		{1EC00702-0E12-4EA8-B9A9-D4109C5C0215}.Debug|Any CPU.Build.0 = Debug|Any CPU
		{1EC00702-0E12-4EA8-B9A9-D4109C5C0215}.Release|Any CPU.ActiveCfg = Release|Any CPU
		{1EC00702-0E12-4EA8-B9A9-D4109C5C0215}.Release|Any CPU.Build.0 = Release|Any CPU
		{45508D33-C443-40D2-A7E9-502A573FA199}.Debug|Any CPU.ActiveCfg = Debug|Any CPU
		{45508D33-C443-40D2-A7E9-502A573FA199}.Debug|Any CPU.Build.0 = Debug|Any CPU
		{45508D33-C443-40D2-A7E9-502A573FA199}.Release|Any CPU.ActiveCfg = Release|Any CPU
		{45508D33-C443-40D2-A7E9-502A573FA199}.Release|Any CPU.Build.0 = Release|Any CPU
		{5445C402-B1D2-4D57-A504-ABB8CEFB7734}.Debug|Any CPU.ActiveCfg = Debug|Any CPU
		{5445C402-B1D2-4D57-A504-ABB8CEFB7734}.Debug|Any CPU.Build.0 = Debug|Any CPU
		{5445C402-B1D2-4D57-A504-ABB8CEFB7734}.Release|Any CPU.ActiveCfg = Release|Any CPU
		{5445C402-B1D2-4D57-A504-ABB8CEFB7734}.Release|Any CPU.Build.0 = Release|Any CPU
		{7D5418D1-D312-434A-A274-610940A81CBF}.Debug|Any CPU.ActiveCfg = Debug|Any CPU
		{7D5418D1-D312-434A-A274-610940A81CBF}.Debug|Any CPU.Build.0 = Debug|Any CPU
		{7D5418D1-D312-434A-A274-610940A81CBF}.Release|Any CPU.ActiveCfg = Release|Any CPU
		{7D5418D1-D312-434A-A274-610940A81CBF}.Release|Any CPU.Build.0 = Release|Any CPU
		{B8BFF22B-AF57-4AFC-8780-F48193E68698}.Debug|Any CPU.ActiveCfg = Debug|Any CPU
		{B8BFF22B-AF57-4AFC-8780-F48193E68698}.Debug|Any CPU.Build.0 = Debug|Any CPU
		{B8BFF22B-AF57-4AFC-8780-F48193E68698}.Release|Any CPU.ActiveCfg = Release|Any CPU
		{B8BFF22B-AF57-4AFC-8780-F48193E68698}.Release|Any CPU.Build.0 = Release|Any CPU
		{F418C2A7-2D5C-432F-A7D1-D4940FAC8665}.Debug|Any CPU.ActiveCfg = Debug|Any CPU
		{F418C2A7-2D5C-432F-A7D1-D4940FAC8665}.Debug|Any CPU.Build.0 = Debug|Any CPU
		{F418C2A7-2D5C-432F-A7D1-D4940FAC8665}.Release|Any CPU.ActiveCfg = Release|Any CPU
		{F418C2A7-2D5C-432F-A7D1-D4940FAC8665}.Release|Any CPU.Build.0 = Release|Any CPU
		{AE27F528-C5F0-4F52-9749-9C9A593F6C8B}.Debug|Any CPU.ActiveCfg = Debug|Any CPU
		{AE27F528-C5F0-4F52-9749-9C9A593F6C8B}.Debug|Any CPU.Build.0 = Debug|Any CPU
		{AE27F528-C5F0-4F52-9749-9C9A593F6C8B}.Release|Any CPU.ActiveCfg = Release|Any CPU
		{AE27F528-C5F0-4F52-9749-9C9A593F6C8B}.Release|Any CPU.Build.0 = Release|Any CPU
		{4BD0E743-60EC-44A2-AA13-21F8EA6BC022}.Debug|Any CPU.ActiveCfg = Debug|Any CPU
		{4BD0E743-60EC-44A2-AA13-21F8EA6BC022}.Debug|Any CPU.Build.0 = Debug|Any CPU
		{4BD0E743-60EC-44A2-AA13-21F8EA6BC022}.Release|Any CPU.ActiveCfg = Release|Any CPU
		{4BD0E743-60EC-44A2-AA13-21F8EA6BC022}.Release|Any CPU.Build.0 = Release|Any CPU
		{D09FCA7F-8EBE-4754-9D5D-6E06A94C9201}.Debug|Any CPU.ActiveCfg = Debug|Any CPU
		{D09FCA7F-8EBE-4754-9D5D-6E06A94C9201}.Debug|Any CPU.Build.0 = Debug|Any CPU
		{D09FCA7F-8EBE-4754-9D5D-6E06A94C9201}.Release|Any CPU.ActiveCfg = Release|Any CPU
		{D09FCA7F-8EBE-4754-9D5D-6E06A94C9201}.Release|Any CPU.Build.0 = Release|Any CPU
		{DC7C02EE-776E-4DB9-A2EB-11B13A26AB8D}.Debug|Any CPU.ActiveCfg = Debug|Any CPU
		{DC7C02EE-776E-4DB9-A2EB-11B13A26AB8D}.Debug|Any CPU.Build.0 = Debug|Any CPU
		{DC7C02EE-776E-4DB9-A2EB-11B13A26AB8D}.Release|Any CPU.ActiveCfg = Release|Any CPU
		{DC7C02EE-776E-4DB9-A2EB-11B13A26AB8D}.Release|Any CPU.Build.0 = Release|Any CPU
		{83A3427C-D7BA-414F-8209-A4D1B56ACFCF}.Debug|Any CPU.ActiveCfg = Debug|Any CPU
		{83A3427C-D7BA-414F-8209-A4D1B56ACFCF}.Debug|Any CPU.Build.0 = Debug|Any CPU
		{83A3427C-D7BA-414F-8209-A4D1B56ACFCF}.Release|Any CPU.ActiveCfg = Release|Any CPU
		{83A3427C-D7BA-414F-8209-A4D1B56ACFCF}.Release|Any CPU.Build.0 = Release|Any CPU
		{BCE42037-B878-4698-A329-70B09B9B5CBF}.Debug|Any CPU.ActiveCfg = Debug|Any CPU
		{BCE42037-B878-4698-A329-70B09B9B5CBF}.Debug|Any CPU.Build.0 = Debug|Any CPU
		{BCE42037-B878-4698-A329-70B09B9B5CBF}.Release|Any CPU.ActiveCfg = Release|Any CPU
		{BCE42037-B878-4698-A329-70B09B9B5CBF}.Release|Any CPU.Build.0 = Release|Any CPU
		{11C8BD94-4690-4964-AEA1-F7A4686B1BE0}.Debug|Any CPU.ActiveCfg = Debug|Any CPU
		{11C8BD94-4690-4964-AEA1-F7A4686B1BE0}.Debug|Any CPU.Build.0 = Debug|Any CPU
		{11C8BD94-4690-4964-AEA1-F7A4686B1BE0}.Release|Any CPU.ActiveCfg = Release|Any CPU
		{11C8BD94-4690-4964-AEA1-F7A4686B1BE0}.Release|Any CPU.Build.0 = Release|Any CPU
		{E86E5E94-DA2E-4FB8-B9F1-C2CDF6F09A34}.Debug|Any CPU.ActiveCfg = Debug|Any CPU
		{E86E5E94-DA2E-4FB8-B9F1-C2CDF6F09A34}.Debug|Any CPU.Build.0 = Debug|Any CPU
		{E86E5E94-DA2E-4FB8-B9F1-C2CDF6F09A34}.Release|Any CPU.ActiveCfg = Release|Any CPU
		{E86E5E94-DA2E-4FB8-B9F1-C2CDF6F09A34}.Release|Any CPU.Build.0 = Release|Any CPU
		{7B54CD23-E882-4444-B3E5-7D75B62556D0}.Debug|Any CPU.ActiveCfg = Debug|Any CPU
		{7B54CD23-E882-4444-B3E5-7D75B62556D0}.Debug|Any CPU.Build.0 = Debug|Any CPU
		{7B54CD23-E882-4444-B3E5-7D75B62556D0}.Release|Any CPU.ActiveCfg = Release|Any CPU
		{7B54CD23-E882-4444-B3E5-7D75B62556D0}.Release|Any CPU.Build.0 = Release|Any CPU
		{2562B286-CF54-43BF-85EF-81274B0E2614}.Debug|Any CPU.ActiveCfg = Debug|Any CPU
		{2562B286-CF54-43BF-85EF-81274B0E2614}.Debug|Any CPU.Build.0 = Debug|Any CPU
		{2562B286-CF54-43BF-85EF-81274B0E2614}.Release|Any CPU.ActiveCfg = Release|Any CPU
		{2562B286-CF54-43BF-85EF-81274B0E2614}.Release|Any CPU.Build.0 = Release|Any CPU
		{C8A95249-B48D-4F81-A4B1-4F6D9C53741A}.Debug|Any CPU.ActiveCfg = Debug|Any CPU
		{C8A95249-B48D-4F81-A4B1-4F6D9C53741A}.Debug|Any CPU.Build.0 = Debug|Any CPU
		{C8A95249-B48D-4F81-A4B1-4F6D9C53741A}.Release|Any CPU.ActiveCfg = Release|Any CPU
		{C8A95249-B48D-4F81-A4B1-4F6D9C53741A}.Release|Any CPU.Build.0 = Release|Any CPU
		{F92EDF62-029C-42E1-A1B1-462697ED5076}.Debug|Any CPU.ActiveCfg = Debug|Any CPU
		{F92EDF62-029C-42E1-A1B1-462697ED5076}.Debug|Any CPU.Build.0 = Debug|Any CPU
		{F92EDF62-029C-42E1-A1B1-462697ED5076}.Release|Any CPU.ActiveCfg = Release|Any CPU
		{F92EDF62-029C-42E1-A1B1-462697ED5076}.Release|Any CPU.Build.0 = Release|Any CPU
		{D67FCD7E-3A51-4471-9AFE-38E9E4842B48}.Debug|Any CPU.ActiveCfg = Debug|Any CPU
		{D67FCD7E-3A51-4471-9AFE-38E9E4842B48}.Debug|Any CPU.Build.0 = Debug|Any CPU
		{D67FCD7E-3A51-4471-9AFE-38E9E4842B48}.Release|Any CPU.ActiveCfg = Release|Any CPU
		{D67FCD7E-3A51-4471-9AFE-38E9E4842B48}.Release|Any CPU.Build.0 = Release|Any CPU
		{07081304-309D-42FB-8FE1-591F1B3172BB}.Debug|Any CPU.ActiveCfg = Debug|Any CPU
		{07081304-309D-42FB-8FE1-591F1B3172BB}.Debug|Any CPU.Build.0 = Debug|Any CPU
		{07081304-309D-42FB-8FE1-591F1B3172BB}.Release|Any CPU.ActiveCfg = Release|Any CPU
		{07081304-309D-42FB-8FE1-591F1B3172BB}.Release|Any CPU.Build.0 = Release|Any CPU
		{13F28428-0B64-47E2-92DD-D49F86680A96}.Debug|Any CPU.ActiveCfg = Debug|Any CPU
		{13F28428-0B64-47E2-92DD-D49F86680A96}.Debug|Any CPU.Build.0 = Debug|Any CPU
		{13F28428-0B64-47E2-92DD-D49F86680A96}.Release|Any CPU.ActiveCfg = Release|Any CPU
		{13F28428-0B64-47E2-92DD-D49F86680A96}.Release|Any CPU.Build.0 = Release|Any CPU
		{B96314AF-21B2-4DF6-9CC8-810B20001FE8}.Debug|Any CPU.ActiveCfg = Debug|Any CPU
		{B96314AF-21B2-4DF6-9CC8-810B20001FE8}.Debug|Any CPU.Build.0 = Debug|Any CPU
		{B96314AF-21B2-4DF6-9CC8-810B20001FE8}.Release|Any CPU.ActiveCfg = Release|Any CPU
		{B96314AF-21B2-4DF6-9CC8-810B20001FE8}.Release|Any CPU.Build.0 = Release|Any CPU
		{9462EF67-218D-4368-8952-68C7AE72920F}.Debug|Any CPU.ActiveCfg = Debug|Any CPU
		{9462EF67-218D-4368-8952-68C7AE72920F}.Debug|Any CPU.Build.0 = Debug|Any CPU
		{9462EF67-218D-4368-8952-68C7AE72920F}.Release|Any CPU.ActiveCfg = Release|Any CPU
		{9462EF67-218D-4368-8952-68C7AE72920F}.Release|Any CPU.Build.0 = Release|Any CPU
		{A1C39091-3D03-4AC4-AE18-6D41D538AFE5}.Debug|Any CPU.ActiveCfg = Debug|Any CPU
		{A1C39091-3D03-4AC4-AE18-6D41D538AFE5}.Debug|Any CPU.Build.0 = Debug|Any CPU
		{A1C39091-3D03-4AC4-AE18-6D41D538AFE5}.Release|Any CPU.ActiveCfg = Release|Any CPU
		{A1C39091-3D03-4AC4-AE18-6D41D538AFE5}.Release|Any CPU.Build.0 = Release|Any CPU
		{6D8F42F4-9169-4D1A-B316-9557B1136E7F}.Debug|Any CPU.ActiveCfg = Debug|Any CPU
		{6D8F42F4-9169-4D1A-B316-9557B1136E7F}.Debug|Any CPU.Build.0 = Debug|Any CPU
		{6D8F42F4-9169-4D1A-B316-9557B1136E7F}.Release|Any CPU.ActiveCfg = Release|Any CPU
		{6D8F42F4-9169-4D1A-B316-9557B1136E7F}.Release|Any CPU.Build.0 = Release|Any CPU
		{C6A83138-A863-430A-B64C-888C289F841E}.Debug|Any CPU.ActiveCfg = Debug|Any CPU
		{C6A83138-A863-430A-B64C-888C289F841E}.Debug|Any CPU.Build.0 = Debug|Any CPU
		{C6A83138-A863-430A-B64C-888C289F841E}.Release|Any CPU.ActiveCfg = Release|Any CPU
		{C6A83138-A863-430A-B64C-888C289F841E}.Release|Any CPU.Build.0 = Release|Any CPU
	EndGlobalSection
	GlobalSection(SolutionProperties) = preSolution
		HideSolutionNode = FALSE
	EndGlobalSection
	GlobalSection(ExtensibilityGlobals) = postSolution
		SolutionGuid = {AA04583C-5753-4A35-985A-C3D794ABF647}
	EndGlobalSection
EndGlobal
