
Microsoft Visual Studio Solution File, Format Version 12.00
# Visual Studio Version 17
VisualStudioVersion = 17.9.34616.47
MinimumVisualStudioVersion = 10.0.40219.1
Project("{9A19103F-16F7-4668-BE54-9A1E7A4F7556}") = "Minimum HP", "MinimumHP\Minimum HP.csproj", "{E79EF952-00EF-4C19-A39A-B12732B24E89}"
EndProject
Project("{9A19103F-16F7-4668-BE54-9A1E7A4F7556}") = "Longest Substring Without Repeating Characters", "LongestSubstringWithoutRepeatingCharacters\Longest Substring Without Repeating Characters.csproj", "{87E702F0-6768-4D41-AC28-51173C593029}"
EndProject
Project("{9A19103F-16F7-4668-BE54-9A1E7A4F7556}") = "Biconnected Components", "BiconnectedComponents\Biconnected Components.csproj", "{DDD1882E-7E25-452C-A8E6-DBA6112FAC81}"
EndProject
Project("{9A19103F-16F7-4668-BE54-9A1E7A4F7556}") = "Interweave Nodes", "Interweave Nodes\Interweave Nodes.csproj", "{1EC00702-0E12-4EA8-B9A9-D4109C5C0215}"
EndProject
Project("{9A19103F-16F7-4668-BE54-9A1E7A4F7556}") = "Minimum Cost BST", "Minimum Cost BST\Minimum Cost BST.csproj", "{45508D33-C443-40D2-A7E9-502A573FA199}"
EndProject
Project("{9A19103F-16F7-4668-BE54-9A1E7A4F7556}") = "Combination Sum III", "Combination Sum III\Combination Sum III.csproj", "{5445C402-B1D2-4D57-A504-ABB8CEFB7734}"
EndProject
Project("{9A19103F-16F7-4668-BE54-9A1E7A4F7556}") = "Ninja And Stops", "Ninja And Stops\Ninja And Stops.csproj", "{7D5418D1-D312-434A-A274-610940A81CBF}"
EndProject
Project("{9A19103F-16F7-4668-BE54-9A1E7A4F7556}") = "Square Submatrix with sum less than or equal to K", "Square Submatrix with sum less than or equal to K\Square Submatrix with sum less than or equal to K.csproj", "{B8BFF22B-AF57-4AFC-8780-F48193E68698}"
EndProject
Project("{9A19103F-16F7-4668-BE54-9A1E7A4F7556}") = "Product Of Array Except Self", "Product Of Array Except Self\Product Of Array Except Self.csproj", "{F418C2A7-2D5C-432F-A7D1-D4940FAC8665}"
EndProject
Project("{9A19103F-16F7-4668-BE54-9A1E7A4F7556}") = "Binary Matrix", "Binary Matrix\Binary Matrix.csproj", "{AE27F528-C5F0-4F52-9749-9C9A593F6C8B}"
EndProject
Project("{9A19103F-16F7-4668-BE54-9A1E7A4F7556}") = "Remove a node from BST", "Remove a node from BST\Remove a node from BST.csproj", "{4BD0E743-60EC-44A2-AA13-21F8EA6BC022}"
EndProject
Project("{9A19103F-16F7-4668-BE54-9A1E7A4F7556}") = "Number Pattern", "Number Pattern\Number Pattern.csproj", "{D09FCA7F-8EBE-4754-9D5D-6E06A94C9201}"
EndProject
Project("{9A19103F-16F7-4668-BE54-9A1E7A4F7556}") = "Equal Candies", "Equal Candies\Equal Candies.csproj", "{DC7C02EE-776E-4DB9-A2EB-11B13A26AB8D}"
EndProject
Project("{9A19103F-16F7-4668-BE54-9A1E7A4F7556}") = "Possible Words From A Phone Number", "Possible Words From A Phone Number\Possible Words From A Phone Number.csproj", "{83A3427C-D7BA-414F-8209-A4D1B56ACFCF}"
EndProject
Project("{9A19103F-16F7-4668-BE54-9A1E7A4F7556}") = "Hotel Floors", "Hotel Floors\Hotel Floors.csproj", "{BCE42037-B878-4698-A329-70B09B9B5CBF}"
EndProject
Project("{9A19103F-16F7-4668-BE54-9A1E7A4F7556}") = "Non-Decreasing Array", "Non-Decreasing Array\Non-Decreasing Array.csproj", "{11C8BD94-4690-4964-AEA1-F7A4686B1BE0}"
EndProject
Project("{FAE04EC0-301F-11D3-BF4B-00C04F79EFBC}") = "GCD Sum", "GCD Sum\GCD Sum.csproj", "{E86E5E94-DA2E-4FB8-B9F1-C2CDF6F09A34}"
EndProject
Global
	GlobalSection(SolutionConfigurationPlatforms) = preSolution
		Debug|Any CPU = Debug|Any CPU
		Release|Any CPU = Release|Any CPU
	EndGlobalSection
	GlobalSection(ProjectConfigurationPlatforms) = postSolution
		{E79EF952-00EF-4C19-A39A-B12732B24E89}.Debug|Any CPU.ActiveCfg = Debug|Any CPU
		{E79EF952-00EF-4C19-A39A-B12732B24E89}.Debug|Any CPU.Build.0 = Debug|Any CPU
		{E79EF952-00EF-4C19-A39A-B12732B24E89}.Release|Any CPU.ActiveCfg = Release|Any CPU
		{E79EF952-00EF-4C19-A39A-B12732B24E89}.Release|Any CPU.Build.0 = Release|Any CPU
		{87E702F0-6768-4D41-AC28-51173C593029}.Debug|Any CPU.ActiveCfg = Debug|Any CPU
		{87E702F0-6768-4D41-AC28-51173C593029}.Debug|Any CPU.Build.0 = Debug|Any CPU
		{87E702F0-6768-4D41-AC28-51173C593029}.Release|Any CPU.ActiveCfg = Release|Any CPU
		{87E702F0-6768-4D41-AC28-51173C593029}.Release|Any CPU.Build.0 = Release|Any CPU
		{DDD1882E-7E25-452C-A8E6-DBA6112FAC81}.Debug|Any CPU.ActiveCfg = Debug|Any CPU
		{DDD1882E-7E25-452C-A8E6-DBA6112FAC81}.Debug|Any CPU.Build.0 = Debug|Any CPU
		{DDD1882E-7E25-452C-A8E6-DBA6112FAC81}.Release|Any CPU.ActiveCfg = Release|Any CPU
		{DDD1882E-7E25-452C-A8E6-DBA6112FAC81}.Release|Any CPU.Build.0 = Release|Any CPU
		{1EC00702-0E12-4EA8-B9A9-D4109C5C0215}.Debug|Any CPU.ActiveCfg = Debug|Any CPU
		{1EC00702-0E12-4EA8-B9A9-D4109C5C0215}.Debug|Any CPU.Build.0 = Debug|Any CPU
		{1EC00702-0E12-4EA8-B9A9-D4109C5C0215}.Release|Any CPU.ActiveCfg = Release|Any CPU
		{1EC00702-0E12-4EA8-B9A9-D4109C5C0215}.Release|Any CPU.Build.0 = Release|Any CPU
		{45508D33-C443-40D2-A7E9-502A573FA199}.Debug|Any CPU.ActiveCfg = Debug|Any CPU
		{45508D33-C443-40D2-A7E9-502A573FA199}.Debug|Any CPU.Build.0 = Debug|Any CPU
		{45508D33-C443-40D2-A7E9-502A573FA199}.Release|Any CPU.ActiveCfg = Release|Any CPU
		{45508D33-C443-40D2-A7E9-502A573FA199}.Release|Any CPU.Build.0 = Release|Any CPU
		{5445C402-B1D2-4D57-A504-ABB8CEFB7734}.Debug|Any CPU.ActiveCfg = Debug|Any CPU
		{5445C402-B1D2-4D57-A504-ABB8CEFB7734}.Debug|Any CPU.Build.0 = Debug|Any CPU
		{5445C402-B1D2-4D57-A504-ABB8CEFB7734}.Release|Any CPU.ActiveCfg = Release|Any CPU
		{5445C402-B1D2-4D57-A504-ABB8CEFB7734}.Release|Any CPU.Build.0 = Release|Any CPU
		{7D5418D1-D312-434A-A274-610940A81CBF}.Debug|Any CPU.ActiveCfg = Debug|Any CPU
		{7D5418D1-D312-434A-A274-610940A81CBF}.Debug|Any CPU.Build.0 = Debug|Any CPU
		{7D5418D1-D312-434A-A274-610940A81CBF}.Release|Any CPU.ActiveCfg = Release|Any CPU
		{7D5418D1-D312-434A-A274-610940A81CBF}.Release|Any CPU.Build.0 = Release|Any CPU
		{B8BFF22B-AF57-4AFC-8780-F48193E68698}.Debug|Any CPU.ActiveCfg = Debug|Any CPU
		{B8BFF22B-AF57-4AFC-8780-F48193E68698}.Debug|Any CPU.Build.0 = Debug|Any CPU
		{B8BFF22B-AF57-4AFC-8780-F48193E68698}.Release|Any CPU.ActiveCfg = Release|Any CPU
		{B8BFF22B-AF57-4AFC-8780-F48193E68698}.Release|Any CPU.Build.0 = Release|Any CPU
		{F418C2A7-2D5C-432F-A7D1-D4940FAC8665}.Debug|Any CPU.ActiveCfg = Debug|Any CPU
		{F418C2A7-2D5C-432F-A7D1-D4940FAC8665}.Debug|Any CPU.Build.0 = Debug|Any CPU
		{F418C2A7-2D5C-432F-A7D1-D4940FAC8665}.Release|Any CPU.ActiveCfg = Release|Any CPU
		{F418C2A7-2D5C-432F-A7D1-D4940FAC8665}.Release|Any CPU.Build.0 = Release|Any CPU
		{AE27F528-C5F0-4F52-9749-9C9A593F6C8B}.Debug|Any CPU.ActiveCfg = Debug|Any CPU
		{AE27F528-C5F0-4F52-9749-9C9A593F6C8B}.Debug|Any CPU.Build.0 = Debug|Any CPU
		{AE27F528-C5F0-4F52-9749-9C9A593F6C8B}.Release|Any CPU.ActiveCfg = Release|Any CPU
		{AE27F528-C5F0-4F52-9749-9C9A593F6C8B}.Release|Any CPU.Build.0 = Release|Any CPU
		{4BD0E743-60EC-44A2-AA13-21F8EA6BC022}.Debug|Any CPU.ActiveCfg = Debug|Any CPU
		{4BD0E743-60EC-44A2-AA13-21F8EA6BC022}.Debug|Any CPU.Build.0 = Debug|Any CPU
		{4BD0E743-60EC-44A2-AA13-21F8EA6BC022}.Release|Any CPU.ActiveCfg = Release|Any CPU
		{4BD0E743-60EC-44A2-AA13-21F8EA6BC022}.Release|Any CPU.Build.0 = Release|Any CPU
		{D09FCA7F-8EBE-4754-9D5D-6E06A94C9201}.Debug|Any CPU.ActiveCfg = Debug|Any CPU
		{D09FCA7F-8EBE-4754-9D5D-6E06A94C9201}.Debug|Any CPU.Build.0 = Debug|Any CPU
		{D09FCA7F-8EBE-4754-9D5D-6E06A94C9201}.Release|Any CPU.ActiveCfg = Release|Any CPU
		{D09FCA7F-8EBE-4754-9D5D-6E06A94C9201}.Release|Any CPU.Build.0 = Release|Any CPU
		{DC7C02EE-776E-4DB9-A2EB-11B13A26AB8D}.Debug|Any CPU.ActiveCfg = Debug|Any CPU
		{DC7C02EE-776E-4DB9-A2EB-11B13A26AB8D}.Debug|Any CPU.Build.0 = Debug|Any CPU
		{DC7C02EE-776E-4DB9-A2EB-11B13A26AB8D}.Release|Any CPU.ActiveCfg = Release|Any CPU
		{DC7C02EE-776E-4DB9-A2EB-11B13A26AB8D}.Release|Any CPU.Build.0 = Release|Any CPU
		{83A3427C-D7BA-414F-8209-A4D1B56ACFCF}.Debug|Any CPU.ActiveCfg = Debug|Any CPU
		{83A3427C-D7BA-414F-8209-A4D1B56ACFCF}.Debug|Any CPU.Build.0 = Debug|Any CPU
		{83A3427C-D7BA-414F-8209-A4D1B56ACFCF}.Release|Any CPU.ActiveCfg = Release|Any CPU
		{83A3427C-D7BA-414F-8209-A4D1B56ACFCF}.Release|Any CPU.Build.0 = Release|Any CPU
		{BCE42037-B878-4698-A329-70B09B9B5CBF}.Debug|Any CPU.ActiveCfg = Debug|Any CPU
		{BCE42037-B878-4698-A329-70B09B9B5CBF}.Debug|Any CPU.Build.0 = Debug|Any CPU
		{BCE42037-B878-4698-A329-70B09B9B5CBF}.Release|Any CPU.ActiveCfg = Release|Any CPU
		{BCE42037-B878-4698-A329-70B09B9B5CBF}.Release|Any CPU.Build.0 = Release|Any CPU
		{11C8BD94-4690-4964-AEA1-F7A4686B1BE0}.Debug|Any CPU.ActiveCfg = Debug|Any CPU
		{11C8BD94-4690-4964-AEA1-F7A4686B1BE0}.Debug|Any CPU.Build.0 = Debug|Any CPU
		{11C8BD94-4690-4964-AEA1-F7A4686B1BE0}.Release|Any CPU.ActiveCfg = Release|Any CPU
		{11C8BD94-4690-4964-AEA1-F7A4686B1BE0}.Release|Any CPU.Build.0 = Release|Any CPU
		{E86E5E94-DA2E-4FB8-B9F1-C2CDF6F09A34}.Debug|Any CPU.ActiveCfg = Debug|Any CPU
		{E86E5E94-DA2E-4FB8-B9F1-C2CDF6F09A34}.Debug|Any CPU.Build.0 = Debug|Any CPU
		{E86E5E94-DA2E-4FB8-B9F1-C2CDF6F09A34}.Release|Any CPU.ActiveCfg = Release|Any CPU
		{E86E5E94-DA2E-4FB8-B9F1-C2CDF6F09A34}.Release|Any CPU.Build.0 = Release|Any CPU
	EndGlobalSection
	GlobalSection(SolutionProperties) = preSolution
		HideSolutionNode = FALSE
	EndGlobalSection
	GlobalSection(ExtensibilityGlobals) = postSolution
		SolutionGuid = {AA04583C-5753-4A35-985A-C3D794ABF647}
	EndGlobalSection
EndGlobal
